
Microsoft Visual Studio Solution File, Format Version 12.00
# Visual Studio 15
VisualStudioVersion = 15.0.28307.572
MinimumVisualStudioVersion = 10.0.40219.1
Project("{FAE04EC0-301F-11D3-BF4B-00C04F79EFBC}") = "PurseGit", "PurseGit\PurseGit.csproj", "{1840CFDD-BEB0-4844-9FBE-397530980181}"
EndProject
Global
	GlobalSection(SolutionConfigurationPlatforms) = preSolution
		Debug|Any CPU = Debug|Any CPU
		Release|Any CPU = Release|Any CPU
	EndGlobalSection
	GlobalSection(ProjectConfigurationPlatforms) = postSolution
		{1840CFDD-BEB0-4844-9FBE-397530980181}.Debug|Any CPU.ActiveCfg = Debug|Any CPU
		{1840CFDD-BEB0-4844-9FBE-397530980181}.Debug|Any CPU.Build.0 = Debug|Any CPU
		{1840CFDD-BEB0-4844-9FBE-397530980181}.Release|Any CPU.ActiveCfg = Release|Any CPU
		{1840CFDD-BEB0-4844-9FBE-397530980181}.Release|Any CPU.Build.0 = Release|Any CPU
	EndGlobalSection
	GlobalSection(SolutionProperties) = preSolution
		HideSolutionNode = FALSE
	EndGlobalSection
	GlobalSection(ExtensibilityGlobals) = postSolution
		SolutionGuid = {BB26E661-156D-4EA0-9082-D4D42CFD5B68}
	EndGlobalSection
EndGlobal
